
Microsoft Visual Studio Solution File, Format Version 12.00
# Visual Studio Version 17
VisualStudioVersion = 17.1.32210.238
MinimumVisualStudioVersion = 10.0.40219.1
Project("{FAE04EC0-301F-11D3-BF4B-00C04F79EFBC}") = "NowyProjektOliwerPietrzycki3Hp", "NowyProjektOliwerPietrzycki3Hp\NowyProjektOliwerPietrzycki3Hp.csproj", "{B6C74841-E747-4991-A654-EE6D4F079263}"
EndProject
Global
	GlobalSection(SolutionConfigurationPlatforms) = preSolution
		Debug|Any CPU = Debug|Any CPU
		Release|Any CPU = Release|Any CPU
	EndGlobalSection
	GlobalSection(ProjectConfigurationPlatforms) = postSolution
		{B6C74841-E747-4991-A654-EE6D4F079263}.Debug|Any CPU.ActiveCfg = Debug|Any CPU
		{B6C74841-E747-4991-A654-EE6D4F079263}.Debug|Any CPU.Build.0 = Debug|Any CPU
		{B6C74841-E747-4991-A654-EE6D4F079263}.Release|Any CPU.ActiveCfg = Release|Any CPU
		{B6C74841-E747-4991-A654-EE6D4F079263}.Release|Any CPU.Build.0 = Release|Any CPU
	EndGlobalSection
	GlobalSection(SolutionProperties) = preSolution
		HideSolutionNode = FALSE
	EndGlobalSection
	GlobalSection(ExtensibilityGlobals) = postSolution
		SolutionGuid = {326DCED9-570F-4F1F-922A-296477C4D54D}
	EndGlobalSection
EndGlobal
